
Microsoft Visual Studio Solution File, Format Version 12.00
# Visual Studio 15
VisualStudioVersion = 15.0.26430.12
MinimumVisualStudioVersion = 10.0.40219.1
Project("{9A19103F-16F7-4668-BE54-9A1E7A4F7556}") = "NickBuhro.Bitdefender", "NickBuhro.Bitdefender\NickBuhro.Bitdefender.csproj", "{21DD6C60-50F1-4B0F-B01C-785AE6878C8C}"
EndProject
Project("{FAE04EC0-301F-11D3-BF4B-00C04F79EFBC}") = "NickBuhro.Bitdefender.Tests", "NickBuhro.Bitdefender.Tests\NickBuhro.Bitdefender.Tests.csproj", "{F59C9710-D511-49D0-A55D-999990886476}"
EndProject
Project("{2150E333-8FDC-42A3-9474-1A3956D46DE8}") = "Solution Items", "Solution Items", "{839C26C5-BFFF-4356-AC5E-42F6E577C8D0}"
	ProjectSection(SolutionItems) = preProject
		.gitignore = .gitignore
		Bitdefender_ControlCenter_API-Guide_enUS.pdf = Bitdefender_ControlCenter_API-Guide_enUS.pdf
		LICENSE = LICENSE
		README.md = README.md
	EndProjectSection
EndProject
Global
	GlobalSection(SolutionConfigurationPlatforms) = preSolution
		Debug|Any CPU = Debug|Any CPU
		Release|Any CPU = Release|Any CPU
	EndGlobalSection
	GlobalSection(ProjectConfigurationPlatforms) = postSolution
		{21DD6C60-50F1-4B0F-B01C-785AE6878C8C}.Debug|Any CPU.ActiveCfg = Debug|Any CPU
		{21DD6C60-50F1-4B0F-B01C-785AE6878C8C}.Debug|Any CPU.Build.0 = Debug|Any CPU
		{21DD6C60-50F1-4B0F-B01C-785AE6878C8C}.Release|Any CPU.ActiveCfg = Release|Any CPU
		{21DD6C60-50F1-4B0F-B01C-785AE6878C8C}.Release|Any CPU.Build.0 = Release|Any CPU
		{F59C9710-D511-49D0-A55D-999990886476}.Debug|Any CPU.ActiveCfg = Debug|Any CPU
		{F59C9710-D511-49D0-A55D-999990886476}.Debug|Any CPU.Build.0 = Debug|Any CPU
		{F59C9710-D511-49D0-A55D-999990886476}.Release|Any CPU.ActiveCfg = Release|Any CPU
		{F59C9710-D511-49D0-A55D-999990886476}.Release|Any CPU.Build.0 = Release|Any CPU
	EndGlobalSection
	GlobalSection(SolutionProperties) = preSolution
		HideSolutionNode = FALSE
	EndGlobalSection
EndGlobal
